[[package]]
name = "pom"
version = "1.1.0"
source = "registry+https://github.com/rust-lang/crates.io-index"

[[package]]
name = "pom-string"
version = "0.1.0"
dependencies = [
 "pom 1.1.0 (registry+https://github.com/rust-lang/crates.io-index)",
]

[metadata]
"checksum pom 1.1.0 (registry+https://github.com/rust-lang/crates.io-index)" = "60f6ce597ecdcc9a098e7fddacb1065093a3d66446fa16c675e7e71d1b5c28e6"
